{
  "nodes": {
    "nixpkgs": {
      "locked": {
        "lastModified": 1690067729,
        "narHash": "sha256-ubrt1vr8vn4TVUXPj/rbuqj3mY2bva+1lg1potn+9qk=",
        "owner": "NixOS",
        "repo": "nixpkgs",
        "rev": "a8ba422f71f83858209f2312e942e71f5c8f7cd3",
        "type": "github"
      },
      "original": {
        "owner": "NixOS",
        "repo": "nixpkgs",
        "type": "github"
      }
    },
    "root": {
      "inputs": {
        "nixpkgs": "nixpkgs"
      }
    }
  },
  "root": "root",
  "version": 7
}
