{
  "nodes": {
    "nixpkgs": {
      "locked": {
        "lastModified": 1690078639,
        "narHash": "sha256-Omnoj5NY7moK4MIOq+NdZiex+fGTqPVL47EESTnqzCw=",
        "owner": "NixOS",
        "repo": "nixpkgs",
        "rev": "3233d82674aca208d8cdf924967dbacc6a44ed7c",
        "type": "github"
      },
      "original": {
        "owner": "NixOS",
        "repo": "nixpkgs",
        "type": "github"
      }
    },
    "root": {
      "inputs": {
        "nixpkgs": "nixpkgs"
      }
    }
  },
  "root": "root",
  "version": 7
}
