// !$*UTF8*$!
{
	archiveVersion = 1;
	classes = {
	};
	objectVersion = 56;
	objects = {

/* Begin PBXBuildFile section */
		C6034FAD285B63D300587F82 /* AdventOfCodeSwiftApp.swift in Sources */ = {isa = PBXBuildFile; fileRef = C6034FAC285B63D300587F82 /* AdventOfCodeSwiftApp.swift */; };
		C6034FAF285B63D300587F82 /* ContentView.swift in Sources */ = {isa = PBXBuildFile; fileRef = C6034FAE285B63D300587F82 /* ContentView.swift */; };
		C6034FB1285B63D500587F82 /* Assets.xcassets in Resources */ = {isa = PBXBuildFile; fileRef = C6034FB0285B63D500587F82 /* Assets.xcassets */; };
		C6034FB5285B63D500587F82 /* Preview Assets.xcassets in Resources */ = {isa = PBXBuildFile; fileRef = C6034FB4285B63D500587F82 /* Preview Assets.xcassets */; };
		C6034FBF285B63D500587F82 /* AdventOfCodeSwiftTests.swift in Sources */ = {isa = PBXBuildFile; fileRef = C6034FBE285B63D500587F82 /* AdventOfCodeSwiftTests.swift */; };
		C6034FC9285B63D500587F82 /* AdventOfCodeSwiftUITests.swift in Sources */ = {isa = PBXBuildFile; fileRef = C6034FC8285B63D500587F82 /* AdventOfCodeSwiftUITests.swift */; };
		C6034FCB285B63D500587F82 /* AdventOfCodeSwiftUITestsLaunchTests.swift in Sources */ = {isa = PBXBuildFile; fileRef = C6034FCA285B63D500587F82 /* AdventOfCodeSwiftUITestsLaunchTests.swift */; };
		C6B2569D285BF610005FAB5E /* Solver.swift in Sources */ = {isa = PBXBuildFile; fileRef = C6B2569C285BF610005FAB5E /* Solver.swift */; };
		C6B2569F285BF639005FAB5E /* Day1.swift in Sources */ = {isa = PBXBuildFile; fileRef = C6B2569E285BF639005FAB5E /* Day1.swift */; };
/* End PBXBuildFile section */

/* Begin PBXContainerItemProxy section */
		C6034FBB285B63D500587F82 /* PBXContainerItemProxy */ = {
			isa = PBXContainerItemProxy;
			containerPortal = C6034FA1285B63D300587F82 /* Project object */;
			proxyType = 1;
			remoteGlobalIDString = C6034FA8285B63D300587F82;
			remoteInfo = AdventOfCodeSwift;
		};
		C6034FC5285B63D500587F82 /* PBXContainerItemProxy */ = {
			isa = PBXContainerItemProxy;
			containerPortal = C6034FA1285B63D300587F82 /* Project object */;
			proxyType = 1;
			remoteGlobalIDString = C6034FA8285B63D300587F82;
			remoteInfo = AdventOfCodeSwift;
		};
/* End PBXContainerItemProxy section */

/* Begin PBXFileReference section */
		C6034FA9285B63D300587F82 /* AdventOfCodeSwift.app */ = {isa = PBXFileReference; explicitFileType = wrapper.application; includeInIndex = 0; path = AdventOfCodeSwift.app; sourceTree = BUILT_PRODUCTS_DIR; };
		C6034FAC285B63D300587F82 /* AdventOfCodeSwiftApp.swift */ = {isa = PBXFileReference; lastKnownFileType = sourcecode.swift; path = AdventOfCodeSwiftApp.swift; sourceTree = "<group>"; };
		C6034FAE285B63D300587F82 /* ContentView.swift */ = {isa = PBXFileReference; lastKnownFileType = sourcecode.swift; path = ContentView.swift; sourceTree = "<group>"; };
		C6034FB0285B63D500587F82 /* Assets.xcassets */ = {isa = PBXFileReference; lastKnownFileType = folder.assetcatalog; path = Assets.xcassets; sourceTree = "<group>"; };
		C6034FB2285B63D500587F82 /* AdventOfCodeSwift.entitlements */ = {isa = PBXFileReference; lastKnownFileType = text.plist.entitlements; path = AdventOfCodeSwift.entitlements; sourceTree = "<group>"; };
		C6034FB4285B63D500587F82 /* Preview Assets.xcassets */ = {isa = PBXFileReference; lastKnownFileType = folder.assetcatalog; path = "Preview Assets.xcassets"; sourceTree = "<group>"; };
		C6034FBA285B63D500587F82 /* AdventOfCodeSwiftTests.xctest */ = {isa = PBXFileReference; explicitFileType = wrapper.cfbundle; includeInIndex = 0; path = AdventOfCodeSwiftTests.xctest; sourceTree = BUILT_PRODUCTS_DIR; };
		C6034FBE285B63D500587F82 /* AdventOfCodeSwiftTests.swift */ = {isa = PBXFileReference; lastKnownFileType = sourcecode.swift; path = AdventOfCodeSwiftTests.swift; sourceTree = "<group>"; };
		C6034FC4285B63D500587F82 /* AdventOfCodeSwiftUITests.xctest */ = {isa = PBXFileReference; explicitFileType = wrapper.cfbundle; includeInIndex = 0; path = AdventOfCodeSwiftUITests.xctest; sourceTree = BUILT_PRODUCTS_DIR; };
		C6034FC8285B63D500587F82 /* AdventOfCodeSwiftUITests.swift */ = {isa = PBXFileReference; lastKnownFileType = sourcecode.swift; path = AdventOfCodeSwiftUITests.swift; sourceTree = "<group>"; };
		C6034FCA285B63D500587F82 /* AdventOfCodeSwiftUITestsLaunchTests.swift */ = {isa = PBXFileReference; lastKnownFileType = sourcecode.swift; path = AdventOfCodeSwiftUITestsLaunchTests.swift; sourceTree = "<group>"; };
		C6B2569C285BF610005FAB5E /* Solver.swift */ = {isa = PBXFileReference; lastKnownFileType = sourcecode.swift; path = Solver.swift; sourceTree = "<group>"; };
		C6B2569E285BF639005FAB5E /* Day1.swift */ = {isa = PBXFileReference; lastKnownFileType = sourcecode.swift; path = Day1.swift; sourceTree = "<group>"; };
/* End PBXFileReference section */

/* Begin PBXFrameworksBuildPhase section */
		C6034FA6285B63D300587F82 /* Frameworks */ = {
			isa = PBXFrameworksBuildPhase;
			buildActionMask = 2147483647;
			files = (
			);
			runOnlyForDeploymentPostprocessing = 0;
		};
		C6034FB7285B63D500587F82 /* Frameworks */ = {
			isa = PBXFrameworksBuildPhase;
			buildActionMask = 2147483647;
			files = (
			);
			runOnlyForDeploymentPostprocessing = 0;
		};
		C6034FC1285B63D500587F82 /* Frameworks */ = {
			isa = PBXFrameworksBuildPhase;
			buildActionMask = 2147483647;
			files = (
			);
			runOnlyForDeploymentPostprocessing = 0;
		};
/* End PBXFrameworksBuildPhase section */

/* Begin PBXGroup section */
		C6034FA0285B63D300587F82 = {
			isa = PBXGroup;
			children = (
				C6034FAB285B63D300587F82 /* AdventOfCodeSwift */,
				C6034FBD285B63D500587F82 /* AdventOfCodeSwiftTests */,
				C6034FC7285B63D500587F82 /* AdventOfCodeSwiftUITests */,
				C6034FAA285B63D300587F82 /* Products */,
			);
			sourceTree = "<group>";
		};
		C6034FAA285B63D300587F82 /* Products */ = {
			isa = PBXGroup;
			children = (
				C6034FA9285B63D300587F82 /* AdventOfCodeSwift.app */,
				C6034FBA285B63D500587F82 /* AdventOfCodeSwiftTests.xctest */,
				C6034FC4285B63D500587F82 /* AdventOfCodeSwiftUITests.xctest */,
			);
			name = Products;
			sourceTree = "<group>";
		};
		C6034FAB285B63D300587F82 /* AdventOfCodeSwift */ = {
			isa = PBXGroup;
			children = (
				C6034FAC285B63D300587F82 /* AdventOfCodeSwiftApp.swift */,
				C6034FAE285B63D300587F82 /* ContentView.swift */,
				C6034FB0285B63D500587F82 /* Assets.xcassets */,
				C6034FB2285B63D500587F82 /* AdventOfCodeSwift.entitlements */,
				C6034FB3285B63D500587F82 /* Preview Content */,
				C6B2569C285BF610005FAB5E /* Solver.swift */,
				C6B2569E285BF639005FAB5E /* Day1.swift */,
			);
			path = AdventOfCodeSwift;
			sourceTree = "<group>";
		};
		C6034FB3285B63D500587F82 /* Preview Content */ = {
			isa = PBXGroup;
			children = (
				C6034FB4285B63D500587F82 /* Preview Assets.xcassets */,
			);
			path = "Preview Content";
			sourceTree = "<group>";
		};
		C6034FBD285B63D500587F82 /* AdventOfCodeSwiftTests */ = {
			isa = PBXGroup;
			children = (
				C6034FBE285B63D500587F82 /* AdventOfCodeSwiftTests.swift */,
			);
			path = AdventOfCodeSwiftTests;
			sourceTree = "<group>";
		};
		C6034FC7285B63D500587F82 /* AdventOfCodeSwiftUITests */ = {
			isa = PBXGroup;
			children = (
				C6034FC8285B63D500587F82 /* AdventOfCodeSwiftUITests.swift */,
				C6034FCA285B63D500587F82 /* AdventOfCodeSwiftUITestsLaunchTests.swift */,
			);
			path = AdventOfCodeSwiftUITests;
			sourceTree = "<group>";
		};
/* End PBXGroup section */

/* Begin PBXNativeTarget section */
		C6034FA8285B63D300587F82 /* AdventOfCodeSwift */ = {
			isa = PBXNativeTarget;
			buildConfigurationList = C6034FCE285B63D500587F82 /* Build configuration list for PBXNativeTarget "AdventOfCodeSwift" */;
			buildPhases = (
				C6034FA5285B63D300587F82 /* Sources */,
				C6034FA6285B63D300587F82 /* Frameworks */,
				C6034FA7285B63D300587F82 /* Resources */,
			);
			buildRules = (
			);
			dependencies = (
			);
			name = AdventOfCodeSwift;
			productName = AdventOfCodeSwift;
			productReference = C6034FA9285B63D300587F82 /* AdventOfCodeSwift.app */;
			productType = "com.apple.product-type.application";
		};
		C6034FB9285B63D500587F82 /* AdventOfCodeSwiftTests */ = {
			isa = PBXNativeTarget;
			buildConfigurationList = C6034FD1285B63D500587F82 /* Build configuration list for PBXNativeTarget "AdventOfCodeSwiftTests" */;
			buildPhases = (
				C6034FB6285B63D500587F82 /* Sources */,
				C6034FB7285B63D500587F82 /* Frameworks */,
				C6034FB8285B63D500587F82 /* Resources */,
			);
			buildRules = (
			);
			dependencies = (
				C6034FBC285B63D500587F82 /* PBXTargetDependency */,
			);
			name = AdventOfCodeSwiftTests;
			productName = AdventOfCodeSwiftTests;
			productReference = C6034FBA285B63D500587F82 /* AdventOfCodeSwiftTests.xctest */;
			productType = "com.apple.product-type.bundle.unit-test";
		};
		C6034FC3285B63D500587F82 /* AdventOfCodeSwiftUITests */ = {
			isa = PBXNativeTarget;
			buildConfigurationList = C6034FD4285B63D500587F82 /* Build configuration list for PBXNativeTarget "AdventOfCodeSwiftUITests" */;
			buildPhases = (
				C6034FC0285B63D500587F82 /* Sources */,
				C6034FC1285B63D500587F82 /* Frameworks */,
				C6034FC2285B63D500587F82 /* Resources */,
			);
			buildRules = (
			);
			dependencies = (
				C6034FC6285B63D500587F82 /* PBXTargetDependency */,
			);
			name = AdventOfCodeSwiftUITests;
			productName = AdventOfCodeSwiftUITests;
			productReference = C6034FC4285B63D500587F82 /* AdventOfCodeSwiftUITests.xctest */;
			productType = "com.apple.product-type.bundle.ui-testing";
		};
/* End PBXNativeTarget section */

/* Begin PBXProject section */
		C6034FA1285B63D300587F82 /* Project object */ = {
			isa = PBXProject;
			attributes = {
				BuildIndependentTargetsInParallel = 1;
				LastSwiftUpdateCheck = 1400;
				LastUpgradeCheck = 1400;
				TargetAttributes = {
					C6034FA8285B63D300587F82 = {
						CreatedOnToolsVersion = 14.0;
					};
					C6034FB9285B63D500587F82 = {
						CreatedOnToolsVersion = 14.0;
						TestTargetID = C6034FA8285B63D300587F82;
					};
					C6034FC3285B63D500587F82 = {
						CreatedOnToolsVersion = 14.0;
						TestTargetID = C6034FA8285B63D300587F82;
					};
				};
			};
			buildConfigurationList = C6034FA4285B63D300587F82 /* Build configuration list for PBXProject "AdventOfCodeSwift" */;
			compatibilityVersion = "Xcode 14.0";
			developmentRegion = en;
			hasScannedForEncodings = 0;
			knownRegions = (
				en,
				Base,
			);
			mainGroup = C6034FA0285B63D300587F82;
			productRefGroup = C6034FAA285B63D300587F82 /* Products */;
			projectDirPath = "";
			projectRoot = "";
			targets = (
				C6034FA8285B63D300587F82 /* AdventOfCodeSwift */,
				C6034FB9285B63D500587F82 /* AdventOfCodeSwiftTests */,
				C6034FC3285B63D500587F82 /* AdventOfCodeSwiftUITests */,
			);
		};
/* End PBXProject section */

/* Begin PBXResourcesBuildPhase section */
		C6034FA7285B63D300587F82 /* Resources */ = {
			isa = PBXResourcesBuildPhase;
			buildActionMask = 2147483647;
			files = (
				C6034FB5285B63D500587F82 /* Preview Assets.xcassets in Resources */,
				C6034FB1285B63D500587F82 /* Assets.xcassets in Resources */,
			);
			runOnlyForDeploymentPostprocessing = 0;
		};
		C6034FB8285B63D500587F82 /* Resources */ = {
			isa = PBXResourcesBuildPhase;
			buildActionMask = 2147483647;
			files = (
			);
			runOnlyForDeploymentPostprocessing = 0;
		};
		C6034FC2285B63D500587F82 /* Resources */ = {
			isa = PBXResourcesBuildPhase;
			buildActionMask = 2147483647;
			files = (
			);
			runOnlyForDeploymentPostprocessing = 0;
		};
/* End PBXResourcesBuildPhase section */

/* Begin PBXSourcesBuildPhase section */
		C6034FA5285B63D300587F82 /* Sources */ = {
			isa = PBXSourcesBuildPhase;
			buildActionMask = 2147483647;
			files = (
				C6B2569F285BF639005FAB5E /* Day1.swift in Sources */,
				C6034FAF285B63D300587F82 /* ContentView.swift in Sources */,
				C6034FAD285B63D300587F82 /* AdventOfCodeSwiftApp.swift in Sources */,
				C6B2569D285BF610005FAB5E /* Solver.swift in Sources */,
			);
			runOnlyForDeploymentPostprocessing = 0;
		};
		C6034FB6285B63D500587F82 /* Sources */ = {
			isa = PBXSourcesBuildPhase;
			buildActionMask = 2147483647;
			files = (
				C6034FBF285B63D500587F82 /* AdventOfCodeSwiftTests.swift in Sources */,
			);
			runOnlyForDeploymentPostprocessing = 0;
		};
		C6034FC0285B63D500587F82 /* Sources */ = {
			isa = PBXSourcesBuildPhase;
			buildActionMask = 2147483647;
			files = (
				C6034FCB285B63D500587F82 /* AdventOfCodeSwiftUITestsLaunchTests.swift in Sources */,
				C6034FC9285B63D500587F82 /* AdventOfCodeSwiftUITests.swift in Sources */,
			);
			runOnlyForDeploymentPostprocessing = 0;
		};
/* End PBXSourcesBuildPhase section */

/* Begin PBXTargetDependency section */
		C6034FBC285B63D500587F82 /* PBXTargetDependency */ = {
			isa = PBXTargetDependency;
			target = C6034FA8285B63D300587F82 /* AdventOfCodeSwift */;
			targetProxy = C6034FBB285B63D500587F82 /* PBXContainerItemProxy */;
		};
		C6034FC6285B63D500587F82 /* PBXTargetDependency */ = {
			isa = PBXTargetDependency;
			target = C6034FA8285B63D300587F82 /* AdventOfCodeSwift */;
			targetProxy = C6034FC5285B63D500587F82 /* PBXContainerItemProxy */;
		};
/* End PBXTargetDependency section */

/* Begin XCBuildConfiguration section */
		C6034FCC285B63D500587F82 /* Debug */ = {
			isa = XCBuildConfiguration;
			buildSettings = {
				ALWAYS_SEARCH_USER_PATHS = NO;
				CLANG_ANALYZER_NONNULL = YES;
				CLANG_ANALYZER_NUMBER_OBJECT_CONVERSION = YES_AGGRESSIVE;
				CLANG_CXX_LANGUAGE_STANDARD = "gnu++17";
				CLANG_ENABLE_MODULES = YES;
				CLANG_ENABLE_OBJC_ARC = YES;
				CLANG_ENABLE_OBJC_WEAK = YES;
				CLANG_WARN_BLOCK_CAPTURE_AUTORELEASING = YES;
				CLANG_WARN_BOOL_CONVERSION = YES;
				CLANG_WARN_COMMA = YES;
				CLANG_WARN_CONSTANT_CONVERSION = YES;
				CLANG_WARN_DEPRECATED_OBJC_IMPLEMENTATIONS = YES;
				CLANG_WARN_DIRECT_OBJC_ISA_USAGE = YES_ERROR;
				CLANG_WARN_DOCUMENTATION_COMMENTS = YES;
				CLANG_WARN_EMPTY_BODY = YES;
				CLANG_WARN_ENUM_CONVERSION = YES;
				CLANG_WARN_INFINITE_RECURSION = YES;
				CLANG_WARN_INT_CONVERSION = YES;
				CLANG_WARN_NON_LITERAL_NULL_CONVERSION = YES;
				CLANG_WARN_OBJC_IMPLICIT_RETAIN_SELF = YES;
				CLANG_WARN_OBJC_LITERAL_CONVERSION = YES;
				CLANG_WARN_OBJC_ROOT_CLASS = YES_ERROR;
				CLANG_WARN_QUOTED_INCLUDE_IN_FRAMEWORK_HEADER = YES;
				CLANG_WARN_RANGE_LOOP_ANALYSIS = YES;
				CLANG_WARN_STRICT_PROTOTYPES = YES;
				CLANG_WARN_SUSPICIOUS_MOVE = YES;
				CLANG_WARN_UNGUARDED_AVAILABILITY = YES_AGGRESSIVE;
				CLANG_WARN_UNREACHABLE_CODE = YES;
				CLANG_WARN__DUPLICATE_METHOD_MATCH = YES;
				COPY_PHASE_STRIP = NO;
				DEBUG_INFORMATION_FORMAT = dwarf;
				ENABLE_STRICT_OBJC_MSGSEND = YES;
				ENABLE_TESTABILITY = YES;
				GCC_C_LANGUAGE_STANDARD = gnu11;
				GCC_DYNAMIC_NO_PIC = NO;
				GCC_NO_COMMON_BLOCKS = YES;
				GCC_OPTIMIZATION_LEVEL = 0;
				GCC_PREPROCESSOR_DEFINITIONS = (
					"DEBUG=1",
					"$(inherited)",
				);
				GCC_WARN_64_TO_32_BIT_CONVERSION = YES;
				GCC_WARN_ABOUT_RETURN_TYPE = YES_ERROR;
				GCC_WARN_UNDECLARED_SELECTOR = YES;
				GCC_WARN_UNINITIALIZED_AUTOS = YES_AGGRESSIVE;
				GCC_WARN_UNUSED_FUNCTION = YES;
				GCC_WARN_UNUSED_VARIABLE = YES;
				MTL_ENABLE_DEBUG_INFO = INCLUDE_SOURCE;
				MTL_FAST_MATH = YES;
				ONLY_ACTIVE_ARCH = YES;
				SWIFT_ACTIVE_COMPILATION_CONDITIONS = DEBUG;
				SWIFT_OPTIMIZATION_LEVEL = "-Onone";
			};
			name = Debug;
		};
		C6034FCD285B63D500587F82 /* Release */ = {
			isa = XCBuildConfiguration;
			buildSettings = {
				ALWAYS_SEARCH_USER_PATHS = NO;
				CLANG_ANALYZER_NONNULL = YES;
				CLANG_ANALYZER_NUMBER_OBJECT_CONVERSION = YES_AGGRESSIVE;
				CLANG_CXX_LANGUAGE_STANDARD = "gnu++17";
				CLANG_ENABLE_MODULES = YES;
				CLANG_ENABLE_OBJC_ARC = YES;
				CLANG_ENABLE_OBJC_WEAK = YES;
				CLANG_WARN_BLOCK_CAPTURE_AUTORELEASING = YES;
				CLANG_WARN_BOOL_CONVERSION = YES;
				CLANG_WARN_COMMA = YES;
				CLANG_WARN_CONSTANT_CONVERSION = YES;
				CLANG_WARN_DEPRECATED_OBJC_IMPLEMENTATIONS = YES;
				CLANG_WARN_DIRECT_OBJC_ISA_USAGE = YES_ERROR;
				CLANG_WARN_DOCUMENTATION_COMMENTS = YES;
				CLANG_WARN_EMPTY_BODY = YES;
				CLANG_WARN_ENUM_CONVERSION = YES;
				CLANG_WARN_INFINITE_RECURSION = YES;
				CLANG_WARN_INT_CONVERSION = YES;
				CLANG_WARN_NON_LITERAL_NULL_CONVERSION = YES;
				CLANG_WARN_OBJC_IMPLICIT_RETAIN_SELF = YES;
				CLANG_WARN_OBJC_LITERAL_CONVERSION = YES;
				CLANG_WARN_OBJC_ROOT_CLASS = YES_ERROR;
				CLANG_WARN_QUOTED_INCLUDE_IN_FRAMEWORK_HEADER = YES;
				CLANG_WARN_RANGE_LOOP_ANALYSIS = YES;
				CLANG_WARN_STRICT_PROTOTYPES = YES;
				CLANG_WARN_SUSPICIOUS_MOVE = YES;
				CLANG_WARN_UNGUARDED_AVAILABILITY = YES_AGGRESSIVE;
				CLANG_WARN_UNREACHABLE_CODE = YES;
				CLANG_WARN__DUPLICATE_METHOD_MATCH = YES;
				COPY_PHASE_STRIP = NO;
				DEBUG_INFORMATION_FORMAT = "dwarf-with-dsym";
				ENABLE_NS_ASSERTIONS = NO;
				ENABLE_STRICT_OBJC_MSGSEND = YES;
				GCC_C_LANGUAGE_STANDARD = gnu11;
				GCC_NO_COMMON_BLOCKS = YES;
				GCC_WARN_64_TO_32_BIT_CONVERSION = YES;
				GCC_WARN_ABOUT_RETURN_TYPE = YES_ERROR;
				GCC_WARN_UNDECLARED_SELECTOR = YES;
				GCC_WARN_UNINITIALIZED_AUTOS = YES_AGGRESSIVE;
				GCC_WARN_UNUSED_FUNCTION = YES;
				GCC_WARN_UNUSED_VARIABLE = YES;
				MTL_ENABLE_DEBUG_INFO = NO;
				MTL_FAST_MATH = YES;
				SWIFT_COMPILATION_MODE = wholemodule;
				SWIFT_OPTIMIZATION_LEVEL = "-O";
			};
			name = Release;
		};
		C6034FCF285B63D500587F82 /* Debug */ = {
			isa = XCBuildConfiguration;
			buildSettings = {
				ASSETCATALOG_COMPILER_APPICON_NAME = AppIcon;
				ASSETCATALOG_COMPILER_GLOBAL_ACCENT_COLOR_NAME = AccentColor;
				CODE_SIGN_ENTITLEMENTS = AdventOfCodeSwift/AdventOfCodeSwift.entitlements;
				CODE_SIGN_STYLE = Automatic;
				CURRENT_PROJECT_VERSION = 1;
				DEVELOPMENT_ASSET_PATHS = "\"AdventOfCodeSwift/Preview Content\"";
				DEVELOPMENT_TEAM = S47U494BM3;
				ENABLE_HARDENED_RUNTIME = YES;
				ENABLE_PREVIEWS = YES;
				GENERATE_INFOPLIST_FILE = YES;
				"INFOPLIST_KEY_UILaunchScreen_Generation[sdk=iphoneos*]" = YES;
				"INFOPLIST_KEY_UILaunchScreen_Generation[sdk=iphonesimulator*]" = YES;
				INFOPLIST_KEY_UISupportedInterfaceOrientations_iPad = "UIInterfaceOrientationPortrait UIInterfaceOrientationPortraitUpsideDown UIInterfaceOrientationLandscapeLeft UIInterfaceOrientationLandscapeRight";
				INFOPLIST_KEY_UISupportedInterfaceOrientations_iPhone = "UIInterfaceOrientationPortrait UIInterfaceOrientationLandscapeLeft UIInterfaceOrientationLandscapeRight";
				IPHONEOS_DEPLOYMENT_TARGET = 16.0;
				LD_RUNPATH_SEARCH_PATHS = "@executable_path/Frameworks";
				"LD_RUNPATH_SEARCH_PATHS[sdk=macosx*]" = "@executable_path/../Frameworks";
				MACOSX_DEPLOYMENT_TARGET = 13.0;
				MARKETING_VERSION = 1.0;
				PRODUCT_BUNDLE_IDENTIFIER = shnarazk.AdventOfCodeSwift;
				PRODUCT_NAME = "$(TARGET_NAME)";
				SDKROOT = auto;
				SUPPORTED_PLATFORMS = "iphoneos iphonesimulator macosx";
				SWIFT_EMIT_LOC_STRINGS = YES;
				SWIFT_VERSION = 5.0;
				TARGETED_DEVICE_FAMILY = "1,2";
			};
			name = Debug;
		};
		C6034FD0285B63D500587F82 /* Release */ = {
			isa = XCBuildConfiguration;
			buildSettings = {
				ASSETCATALOG_COMPILER_APPICON_NAME = AppIcon;
				ASSETCATALOG_COMPILER_GLOBAL_ACCENT_COLOR_NAME = AccentColor;
				CODE_SIGN_ENTITLEMENTS = AdventOfCodeSwift/AdventOfCodeSwift.entitlements;
				CODE_SIGN_STYLE = Automatic;
				CURRENT_PROJECT_VERSION = 1;
				DEVELOPMENT_ASSET_PATHS = "\"AdventOfCodeSwift/Preview Content\"";
				DEVELOPMENT_TEAM = S47U494BM3;
				ENABLE_HARDENED_RUNTIME = YES;
				ENABLE_PREVIEWS = YES;
				GENERATE_INFOPLIST_FILE = YES;
				"INFOPLIST_KEY_UILaunchScreen_Generation[sdk=iphoneos*]" = YES;
				"INFOPLIST_KEY_UILaunchScreen_Generation[sdk=iphonesimulator*]" = YES;
				INFOPLIST_KEY_UISupportedInterfaceOrientations_iPad = "UIInterfaceOrientationPortrait UIInterfaceOrientationPortraitUpsideDown UIInterfaceOrientationLandscapeLeft UIInterfaceOrientationLandscapeRight";
				INFOPLIST_KEY_UISupportedInterfaceOrientations_iPhone = "UIInterfaceOrientationPortrait UIInterfaceOrientationLandscapeLeft UIInterfaceOrientationLandscapeRight";
				IPHONEOS_DEPLOYMENT_TARGET = 16.0;
				LD_RUNPATH_SEARCH_PATHS = "@executable_path/Frameworks";
				"LD_RUNPATH_SEARCH_PATHS[sdk=macosx*]" = "@executable_path/../Frameworks";
				MACOSX_DEPLOYMENT_TARGET = 13.0;
				MARKETING_VERSION = 1.0;
				PRODUCT_BUNDLE_IDENTIFIER = shnarazk.AdventOfCodeSwift;
				PRODUCT_NAME = "$(TARGET_NAME)";
				SDKROOT = auto;
				SUPPORTED_PLATFORMS = "iphoneos iphonesimulator macosx";
				SWIFT_EMIT_LOC_STRINGS = YES;
				SWIFT_VERSION = 5.0;
				TARGETED_DEVICE_FAMILY = "1,2";
			};
			name = Release;
		};
		C6034FD2285B63D500587F82 /* Debug */ = {
			isa = XCBuildConfiguration;
			buildSettings = {
				ALWAYS_EMBED_SWIFT_STANDARD_LIBRARIES = YES;
				BUNDLE_LOADER = "$(TEST_HOST)";
				CODE_SIGN_STYLE = Automatic;
				CURRENT_PROJECT_VERSION = 1;
				DEVELOPMENT_TEAM = S47U494BM3;
				GENERATE_INFOPLIST_FILE = YES;
				IPHONEOS_DEPLOYMENT_TARGET = 16.0;
				MACOSX_DEPLOYMENT_TARGET = 13.0;
				MARKETING_VERSION = 1.0;
				PRODUCT_BUNDLE_IDENTIFIER = shnarazk.AdventOfCodeSwiftTests;
				PRODUCT_NAME = "$(TARGET_NAME)";
				SDKROOT = auto;
				SUPPORTED_PLATFORMS = "iphoneos iphonesimulator macosx";
				SWIFT_EMIT_LOC_STRINGS = NO;
				SWIFT_VERSION = 5.0;
				TARGETED_DEVICE_FAMILY = "1,2";
				TEST_HOST = "$(BUILT_PRODUCTS_DIR)/AdventOfCodeSwift.app/$(BUNDLE_EXECUTABLE_FOLDER_PATH)/AdventOfCodeSwift";
			};
			name = Debug;
		};
		C6034FD3285B63D500587F82 /* Release */ = {
			isa = XCBuildConfiguration;
			buildSettings = {
				ALWAYS_EMBED_SWIFT_STANDARD_LIBRARIES = YES;
				BUNDLE_LOADER = "$(TEST_HOST)";
				CODE_SIGN_STYLE = Automatic;
				CURRENT_PROJECT_VERSION = 1;
				DEVELOPMENT_TEAM = S47U494BM3;
				GENERATE_INFOPLIST_FILE = YES;
				IPHONEOS_DEPLOYMENT_TARGET = 16.0;
				MACOSX_DEPLOYMENT_TARGET = 13.0;
				MARKETING_VERSION = 1.0;
				PRODUCT_BUNDLE_IDENTIFIER = shnarazk.AdventOfCodeSwiftTests;
				PRODUCT_NAME = "$(TARGET_NAME)";
				SDKROOT = auto;
				SUPPORTED_PLATFORMS = "iphoneos iphonesimulator macosx";
				SWIFT_EMIT_LOC_STRINGS = NO;
				SWIFT_VERSION = 5.0;
				TARGETED_DEVICE_FAMILY = "1,2";
				TEST_HOST = "$(BUILT_PRODUCTS_DIR)/AdventOfCodeSwift.app/$(BUNDLE_EXECUTABLE_FOLDER_PATH)/AdventOfCodeSwift";
			};
			name = Release;
		};
		C6034FD5285B63D500587F82 /* Debug */ = {
			isa = XCBuildConfiguration;
			buildSettings = {
				ALWAYS_EMBED_SWIFT_STANDARD_LIBRARIES = YES;
				CODE_SIGN_STYLE = Automatic;
				CURRENT_PROJECT_VERSION = 1;
				DEVELOPMENT_TEAM = S47U494BM3;
				GENERATE_INFOPLIST_FILE = YES;
				IPHONEOS_DEPLOYMENT_TARGET = 16.0;
				MACOSX_DEPLOYMENT_TARGET = 13.0;
				MARKETING_VERSION = 1.0;
				PRODUCT_BUNDLE_IDENTIFIER = shnarazk.AdventOfCodeSwiftUITests;
				PRODUCT_NAME = "$(TARGET_NAME)";
				SDKROOT = auto;
				SUPPORTED_PLATFORMS = "iphoneos iphonesimulator macosx";
				SWIFT_EMIT_LOC_STRINGS = NO;
				SWIFT_VERSION = 5.0;
				TARGETED_DEVICE_FAMILY = "1,2";
				TEST_TARGET_NAME = AdventOfCodeSwift;
			};
			name = Debug;
		};
		C6034FD6285B63D500587F82 /* Release */ = {
			isa = XCBuildConfiguration;
			buildSettings = {
				ALWAYS_EMBED_SWIFT_STANDARD_LIBRARIES = YES;
				CODE_SIGN_STYLE = Automatic;
				CURRENT_PROJECT_VERSION = 1;
				DEVELOPMENT_TEAM = S47U494BM3;
				GENERATE_INFOPLIST_FILE = YES;
				IPHONEOS_DEPLOYMENT_TARGET = 16.0;
				MACOSX_DEPLOYMENT_TARGET = 13.0;
				MARKETING_VERSION = 1.0;
				PRODUCT_BUNDLE_IDENTIFIER = shnarazk.AdventOfCodeSwiftUITests;
				PRODUCT_NAME = "$(TARGET_NAME)";
				SDKROOT = auto;
				SUPPORTED_PLATFORMS = "iphoneos iphonesimulator macosx";
				SWIFT_EMIT_LOC_STRINGS = NO;
				SWIFT_VERSION = 5.0;
				TARGETED_DEVICE_FAMILY = "1,2";
				TEST_TARGET_NAME = AdventOfCodeSwift;
			};
			name = Release;
		};
/* End XCBuildConfiguration section */

/* Begin XCConfigurationList section */
		C6034FA4285B63D300587F82 /* Build configuration list for PBXProject "AdventOfCodeSwift" */ = {
			isa = XCConfigurationList;
			buildConfigurations = (
				C6034FCC285B63D500587F82 /* Debug */,
				C6034FCD285B63D500587F82 /* Release */,
			);
			defaultConfigurationIsVisible = 0;
			defaultConfigurationName = Release;
		};
		C6034FCE285B63D500587F82 /* Build configuration list for PBXNativeTarget "AdventOfCodeSwift" */ = {
			isa = XCConfigurationList;
			buildConfigurations = (
				C6034FCF285B63D500587F82 /* Debug */,
				C6034FD0285B63D500587F82 /* Release */,
			);
			defaultConfigurationIsVisible = 0;
			defaultConfigurationName = Release;
		};
		C6034FD1285B63D500587F82 /* Build configuration list for PBXNativeTarget "AdventOfCodeSwiftTests" */ = {
			isa = XCConfigurationList;
			buildConfigurations = (
				C6034FD2285B63D500587F82 /* Debug */,
				C6034FD3285B63D500587F82 /* Release */,
			);
			defaultConfigurationIsVisible = 0;
			defaultConfigurationName = Release;
		};
		C6034FD4285B63D500587F82 /* Build configuration list for PBXNativeTarget "AdventOfCodeSwiftUITests" */ = {
			isa = XCConfigurationList;
			buildConfigurations = (
				C6034FD5285B63D500587F82 /* Debug */,
				C6034FD6285B63D500587F82 /* Release */,
			);
			defaultConfigurationIsVisible = 0;
			defaultConfigurationName = Release;
		};
/* End XCConfigurationList section */
	};
	rootObject = C6034FA1285B63D300587F82 /* Project object */;
}
