{
  "nodes": {
    "flake-parts": {
      "inputs": {
        "nixpkgs-lib": [
          "home",
          "nvim4lean",
          "nixvim",
          "nixpkgs"
        ]
      },
      "locked": {
        "lastModified": 1765495779,
        "narHash": "sha256-MhA7wmo/7uogLxiewwRRmIax70g6q1U/YemqTGoFHlM=",
        "owner": "hercules-ci",
        "repo": "flake-parts",
        "rev": "5635c32d666a59ec9a55cab87e898889869f7b71",
        "type": "github"
      },
      "original": {
        "owner": "hercules-ci",
        "repo": "flake-parts",
        "type": "github"
      }
    },
    "flake-utils": {
      "inputs": {
        "systems": "systems"
      },
      "locked": {
        "lastModified": 1731533236,
        "narHash": "sha256-l0KFg5HjrsfsO/JpG+r7fRrqm12kzFHyUHqHCVpMMbI=",
        "owner": "numtide",
        "repo": "flake-utils",
        "rev": "11707dc2f618dd54ca8739b309ec4fc024de578b",
        "type": "github"
      },
      "original": {
        "owner": "numtide",
        "repo": "flake-utils",
        "type": "github"
      }
    },
    "gratchk": {
      "inputs": {
        "nixpkgs": "nixpkgs"
      },
      "locked": {
        "dir": "gratchk",
        "lastModified": 1765595337,
        "narHash": "sha256-5oV8xOQ0RzWMrx7TbRecNpjX6JFxAdRmiQ11tEstkik=",
        "owner": "shnarazk",
        "repo": "flakes",
        "rev": "32ce977cd5ec91d0eac4e16a76d9c99985bbb100",
        "type": "github"
      },
      "original": {
        "dir": "gratchk",
        "owner": "shnarazk",
        "repo": "flakes",
        "type": "github"
      }
    },
    "gratgen": {
      "inputs": {
        "nixpkgs": "nixpkgs_2"
      },
      "locked": {
        "dir": "gratgen",
        "lastModified": 1765595337,
        "narHash": "sha256-5oV8xOQ0RzWMrx7TbRecNpjX6JFxAdRmiQ11tEstkik=",
        "owner": "shnarazk",
        "repo": "flakes",
        "rev": "32ce977cd5ec91d0eac4e16a76d9c99985bbb100",
        "type": "github"
      },
      "original": {
        "dir": "gratgen",
        "owner": "shnarazk",
        "repo": "flakes",
        "type": "github"
      }
    },
    "home": {
      "inputs": {
        "gratchk": "gratchk",
        "gratgen": "gratgen",
        "monaspace": "monaspace",
        "nvim4lean": "nvim4lean",
        "sat-bench": "sat-bench",
        "splr": "splr",
        "tree-sitter-cli": "tree-sitter-cli"
      },
      "locked": {
        "lastModified": 1765675693,
        "narHash": "sha256-xhQ9SDKv6ceawpTjmtxC5ORbGUa/1rlbQp4bKptcLrQ=",
        "owner": "shnarazk",
        "repo": "flakes",
        "rev": "f18e92b588f18434c482fac71328890aa7e51b6f",
        "type": "github"
      },
      "original": {
        "owner": "shnarazk",
        "repo": "flakes",
        "type": "github"
      }
    },
    "monaspace": {
      "inputs": {
        "nixpkgs": "nixpkgs_3"
      },
      "locked": {
        "dir": "monaspace",
        "lastModified": 1765595337,
        "narHash": "sha256-5oV8xOQ0RzWMrx7TbRecNpjX6JFxAdRmiQ11tEstkik=",
        "owner": "shnarazk",
        "repo": "flakes",
        "rev": "32ce977cd5ec91d0eac4e16a76d9c99985bbb100",
        "type": "github"
      },
      "original": {
        "dir": "monaspace",
        "owner": "shnarazk",
        "repo": "flakes",
        "type": "github"
      }
    },
    "nixpkgs": {
      "locked": {
        "lastModified": 1765675075,
        "narHash": "sha256-6MkL97zJz8hvlkGN5//TgyAxvrjM1jxN2MfC5tnZP78=",
        "owner": "NixOS",
        "repo": "nixpkgs",
        "rev": "a248e9ccefd3eeb8a07f316c1e221dca9d1ef0e2",
        "type": "github"
      },
      "original": {
        "owner": "NixOS",
        "repo": "nixpkgs",
        "type": "github"
      }
    },
    "nixpkgs_2": {
      "locked": {
        "lastModified": 1765675075,
        "narHash": "sha256-6MkL97zJz8hvlkGN5//TgyAxvrjM1jxN2MfC5tnZP78=",
        "owner": "NixOS",
        "repo": "nixpkgs",
        "rev": "a248e9ccefd3eeb8a07f316c1e221dca9d1ef0e2",
        "type": "github"
      },
      "original": {
        "owner": "NixOS",
        "repo": "nixpkgs",
        "type": "github"
      }
    },
    "nixpkgs_3": {
      "locked": {
        "lastModified": 1765675075,
        "narHash": "sha256-6MkL97zJz8hvlkGN5//TgyAxvrjM1jxN2MfC5tnZP78=",
        "owner": "NixOS",
        "repo": "nixpkgs",
        "rev": "a248e9ccefd3eeb8a07f316c1e221dca9d1ef0e2",
        "type": "github"
      },
      "original": {
        "owner": "NixOS",
        "repo": "nixpkgs",
        "type": "github"
      }
    },
    "nixpkgs_4": {
      "locked": {
        "lastModified": 1765425892,
        "narHash": "sha256-jlQpSkg2sK6IJVzTQBDyRxQZgKADC2HKMRfGCSgNMHo=",
        "owner": "NixOS",
        "repo": "nixpkgs",
        "rev": "5d6bdbddb4695a62f0d00a3620b37a15275a5093",
        "type": "github"
      },
      "original": {
        "owner": "NixOS",
        "ref": "nixpkgs-unstable",
        "repo": "nixpkgs",
        "type": "github"
      }
    },
    "nixpkgs_5": {
      "locked": {
        "lastModified": 1730988789,
        "narHash": "sha256-Yx1f4uPcvel/iv9sbx60lVS8oihlgN+qeUuMZ3T4Vvc=",
        "owner": "NixOS",
        "repo": "nixpkgs",
        "rev": "c1612975107c932f1e903d8fab1636334402c6d2",
        "type": "github"
      },
      "original": {
        "owner": "NixOS",
        "repo": "nixpkgs",
        "type": "github"
      }
    },
    "nixpkgs_6": {
      "locked": {
        "lastModified": 1738060267,
        "narHash": "sha256-G1/V/sHbx5F9Vyu4soB6+wXdK64+HQG4qVl97ASdFR8=",
        "owner": "NixOS",
        "repo": "nixpkgs",
        "rev": "347934f4c466af8249ad5b28c0b81a41c2e1eb8e",
        "type": "github"
      },
      "original": {
        "owner": "NixOS",
        "repo": "nixpkgs",
        "type": "github"
      }
    },
    "nixpkgs_7": {
      "locked": {
        "lastModified": 1730988789,
        "narHash": "sha256-Yx1f4uPcvel/iv9sbx60lVS8oihlgN+qeUuMZ3T4Vvc=",
        "owner": "NixOS",
        "repo": "nixpkgs",
        "rev": "c1612975107c932f1e903d8fab1636334402c6d2",
        "type": "github"
      },
      "original": {
        "owner": "NixOS",
        "repo": "nixpkgs",
        "type": "github"
      }
    },
    "nixpkgs_8": {
      "locked": {
        "lastModified": 1732423896,
        "narHash": "sha256-1Ht109Q/qQSM0FeucSgUSqRCMI1LQu55RNIvyuBYJkE=",
        "owner": "nixos",
        "repo": "nixpkgs",
        "rev": "7e497c2f68b1e571c6fa6d2bfbb17abf2354ee26",
        "type": "github"
      },
      "original": {
        "owner": "nixos",
        "repo": "nixpkgs",
        "type": "github"
      }
    },
    "nixpkgs_9": {
      "locked": {
        "lastModified": 1765644376,
        "narHash": "sha256-yqHBL2wYGwjGL2GUF2w3tofWl8qO9tZEuI4wSqbCrtE=",
        "owner": "NixOS",
        "repo": "nixpkgs",
        "rev": "23735a82a828372c4ef92c660864e82fbe2f5fbe",
        "type": "github"
      },
      "original": {
        "owner": "NixOS",
        "ref": "nixpkgs-unstable",
        "repo": "nixpkgs",
        "type": "github"
      }
    },
    "nixvim": {
      "inputs": {
        "flake-parts": "flake-parts",
        "nixpkgs": "nixpkgs_4",
        "systems": "systems_2"
      },
      "locked": {
        "lastModified": 1765646394,
        "narHash": "sha256-yqeB023/s/SOxhpm4SFKBDHagzn5L/KF7bCA10ZH/Q4=",
        "owner": "nix-community",
        "repo": "nixvim",
        "rev": "c97e8e34250c7fe5d4e0c3333a0ca4a9d28957d0",
        "type": "github"
      },
      "original": {
        "owner": "nix-community",
        "repo": "nixvim",
        "type": "github"
      }
    },
    "nvim4lean": {
      "inputs": {
        "nixvim": "nixvim"
      },
      "locked": {
        "dir": "nvim4lean",
        "lastModified": 1765595337,
        "narHash": "sha256-5oV8xOQ0RzWMrx7TbRecNpjX6JFxAdRmiQ11tEstkik=",
        "owner": "shnarazk",
        "repo": "flakes",
        "rev": "32ce977cd5ec91d0eac4e16a76d9c99985bbb100",
        "type": "github"
      },
      "original": {
        "dir": "nvim4lean",
        "owner": "shnarazk",
        "repo": "flakes",
        "type": "github"
      }
    },
    "root": {
      "inputs": {
        "flake-utils": "flake-utils",
        "home": "home",
        "nixpkgs": "nixpkgs_9"
      }
    },
    "sat-bench": {
      "inputs": {
        "nixpkgs": "nixpkgs_5"
      },
      "locked": {
        "lastModified": 1764964852,
        "narHash": "sha256-2VIprflqrLoE+1spWWmjAGFbYsZkiPxv2paYd7u9iHA=",
        "owner": "shnarazk",
        "repo": "SAT-bench",
        "rev": "95a6e68bdbb64fb7853bb3918b067648621b4d97",
        "type": "github"
      },
      "original": {
        "owner": "shnarazk",
        "repo": "SAT-bench",
        "type": "github"
      }
    },
    "sat-bench_2": {
      "inputs": {
        "nixpkgs": "nixpkgs_7"
      },
      "locked": {
        "lastModified": 1737501229,
        "narHash": "sha256-duysXOsivHd3Gp5eel+fCuamjCpfPec548bB+RRVzNE=",
        "owner": "shnarazk",
        "repo": "SAT-bench",
        "rev": "42cf084f0b3b6993d58bfd1997e870421e904d38",
        "type": "github"
      },
      "original": {
        "owner": "shnarazk",
        "repo": "SAT-bench",
        "type": "github"
      }
    },
    "splr": {
      "inputs": {
        "nixpkgs": "nixpkgs_6",
        "sat-bench": "sat-bench_2"
      },
      "locked": {
        "lastModified": 1738062172,
        "narHash": "sha256-gaaW1ARvKQUUUGaulCpB+U1NghwzDpcKIIfvnkHu6KM=",
        "owner": "shnarazk",
        "repo": "splr",
        "rev": "60fe46468f083695929922ee30274705ea75b297",
        "type": "github"
      },
      "original": {
        "owner": "shnarazk",
        "repo": "splr",
        "type": "github"
      }
    },
    "systems": {
      "locked": {
        "lastModified": 1681028828,
        "narHash": "sha256-Vy1rq5AaRuLzOxct8nz4T6wlgyUR7zLU309k9mBC768=",
        "owner": "nix-systems",
        "repo": "default",
        "rev": "da67096a3b9bf56a91d16901293e51ba5b49a27e",
        "type": "github"
      },
      "original": {
        "owner": "nix-systems",
        "repo": "default",
        "type": "github"
      }
    },
    "systems_2": {
      "locked": {
        "lastModified": 1681028828,
        "narHash": "sha256-Vy1rq5AaRuLzOxct8nz4T6wlgyUR7zLU309k9mBC768=",
        "owner": "nix-systems",
        "repo": "default",
        "rev": "da67096a3b9bf56a91d16901293e51ba5b49a27e",
        "type": "github"
      },
      "original": {
        "owner": "nix-systems",
        "repo": "default",
        "type": "github"
      }
    },
    "tree-sitter-cli": {
      "inputs": {
        "nixpkgs": "nixpkgs_8"
      },
      "locked": {
        "dir": "tree-sitter-cli",
        "lastModified": 1765595337,
        "narHash": "sha256-5oV8xOQ0RzWMrx7TbRecNpjX6JFxAdRmiQ11tEstkik=",
        "owner": "shnarazk",
        "repo": "flakes",
        "rev": "32ce977cd5ec91d0eac4e16a76d9c99985bbb100",
        "type": "github"
      },
      "original": {
        "dir": "tree-sitter-cli",
        "owner": "shnarazk",
        "repo": "flakes",
        "type": "github"
      }
    }
  },
  "root": "root",
  "version": 7
}
