{
  "nodes": {
    "flake-parts": {
      "inputs": {
        "nixpkgs-lib": [
          "home",
          "nvim4lean",
          "nixvim",
          "nixpkgs"
        ]
      },
      "locked": {
        "lastModified": 1756770412,
        "narHash": "sha256-+uWLQZccFHwqpGqr2Yt5VsW/PbeJVTn9Dk6SHWhNRPw=",
        "owner": "hercules-ci",
        "repo": "flake-parts",
        "rev": "4524271976b625a4a605beefd893f270620fd751",
        "type": "github"
      },
      "original": {
        "owner": "hercules-ci",
        "repo": "flake-parts",
        "type": "github"
      }
    },
    "flake-utils": {
      "inputs": {
        "systems": "systems"
      },
      "locked": {
        "lastModified": 1731533236,
        "narHash": "sha256-l0KFg5HjrsfsO/JpG+r7fRrqm12kzFHyUHqHCVpMMbI=",
        "owner": "numtide",
        "repo": "flake-utils",
        "rev": "11707dc2f618dd54ca8739b309ec4fc024de578b",
        "type": "github"
      },
      "original": {
        "owner": "numtide",
        "repo": "flake-utils",
        "type": "github"
      }
    },
    "flake-utils_2": {
      "inputs": {
        "systems": "systems_2"
      },
      "locked": {
        "lastModified": 1731533236,
        "narHash": "sha256-l0KFg5HjrsfsO/JpG+r7fRrqm12kzFHyUHqHCVpMMbI=",
        "owner": "numtide",
        "repo": "flake-utils",
        "rev": "11707dc2f618dd54ca8739b309ec4fc024de578b",
        "type": "github"
      },
      "original": {
        "owner": "numtide",
        "repo": "flake-utils",
        "type": "github"
      }
    },
    "gratchk": {
      "inputs": {
        "nixpkgs": "nixpkgs"
      },
      "locked": {
        "dir": "gratchk",
        "lastModified": 1758141385,
        "narHash": "sha256-E9EezEHiX7jNXGrUmmovFkE9ng7ir96c84yUymhZHgM=",
        "owner": "shnarazk",
        "repo": "flakes",
        "rev": "edcdf422b6fe3b917b61d09515086b451bee0db7",
        "type": "github"
      },
      "original": {
        "dir": "gratchk",
        "owner": "shnarazk",
        "repo": "flakes",
        "type": "github"
      }
    },
    "gratgen": {
      "inputs": {
        "nixpkgs": "nixpkgs_2"
      },
      "locked": {
        "dir": "gratgen",
        "lastModified": 1758141385,
        "narHash": "sha256-E9EezEHiX7jNXGrUmmovFkE9ng7ir96c84yUymhZHgM=",
        "owner": "shnarazk",
        "repo": "flakes",
        "rev": "edcdf422b6fe3b917b61d09515086b451bee0db7",
        "type": "github"
      },
      "original": {
        "dir": "gratgen",
        "owner": "shnarazk",
        "repo": "flakes",
        "type": "github"
      }
    },
    "home": {
      "inputs": {
        "gratchk": "gratchk",
        "gratgen": "gratgen",
        "julia-bin": "julia-bin",
        "monaspace": "monaspace",
        "nvim4lean": "nvim4lean",
        "rust-parallel": "rust-parallel",
        "sat-bench": "sat-bench",
        "splr": "splr",
        "tree-sitter-cli": "tree-sitter-cli",
        "zellij-head": "zellij-head"
      },
      "locked": {
        "lastModified": 1758496464,
        "narHash": "sha256-YSM+Z/iOA8Gae2SI3f8vm9xumK5In0pxsQ7Oiu8eunk=",
        "owner": "shnarazk",
        "repo": "flakes",
        "rev": "91176d183dee1e9d0c212383a48d9f450656a32f",
        "type": "github"
      },
      "original": {
        "owner": "shnarazk",
        "repo": "flakes",
        "type": "github"
      }
    },
    "ixx": {
      "inputs": {
        "flake-utils": [
          "home",
          "nvim4lean",
          "nixvim",
          "nuschtosSearch",
          "flake-utils"
        ],
        "nixpkgs": [
          "home",
          "nvim4lean",
          "nixvim",
          "nuschtosSearch",
          "nixpkgs"
        ]
      },
      "locked": {
        "lastModified": 1754860581,
        "narHash": "sha256-EM0IE63OHxXCOpDHXaTyHIOk2cNvMCGPqLt/IdtVxgk=",
        "owner": "NuschtOS",
        "repo": "ixx",
        "rev": "babfe85a876162c4acc9ab6fb4483df88fa1f281",
        "type": "github"
      },
      "original": {
        "owner": "NuschtOS",
        "ref": "v0.1.1",
        "repo": "ixx",
        "type": "github"
      }
    },
    "julia-bin": {
      "inputs": {
        "nixpkgs": "nixpkgs_3"
      },
      "locked": {
        "dir": "julia-bin",
        "lastModified": 1758141385,
        "narHash": "sha256-E9EezEHiX7jNXGrUmmovFkE9ng7ir96c84yUymhZHgM=",
        "owner": "shnarazk",
        "repo": "flakes",
        "rev": "edcdf422b6fe3b917b61d09515086b451bee0db7",
        "type": "github"
      },
      "original": {
        "dir": "julia-bin",
        "owner": "shnarazk",
        "repo": "flakes",
        "type": "github"
      }
    },
    "monaspace": {
      "inputs": {
        "nixpkgs": "nixpkgs_4"
      },
      "locked": {
        "dir": "monaspace",
        "lastModified": 1758141385,
        "narHash": "sha256-E9EezEHiX7jNXGrUmmovFkE9ng7ir96c84yUymhZHgM=",
        "owner": "shnarazk",
        "repo": "flakes",
        "rev": "edcdf422b6fe3b917b61d09515086b451bee0db7",
        "type": "github"
      },
      "original": {
        "dir": "monaspace",
        "owner": "shnarazk",
        "repo": "flakes",
        "type": "github"
      }
    },
    "nixpkgs": {
      "locked": {
        "lastModified": 1758494346,
        "narHash": "sha256-5fhnxoIaXlfIg/q9rC/UD2Lk+/peDh5aDsA1qYRCCAc=",
        "owner": "NixOS",
        "repo": "nixpkgs",
        "rev": "a79205061ea62ed3ba3286227c420bc0fd23fbe0",
        "type": "github"
      },
      "original": {
        "owner": "NixOS",
        "repo": "nixpkgs",
        "type": "github"
      }
    },
    "nixpkgs_10": {
      "locked": {
        "lastModified": 1732423896,
        "narHash": "sha256-1Ht109Q/qQSM0FeucSgUSqRCMI1LQu55RNIvyuBYJkE=",
        "owner": "nixos",
        "repo": "nixpkgs",
        "rev": "7e497c2f68b1e571c6fa6d2bfbb17abf2354ee26",
        "type": "github"
      },
      "original": {
        "owner": "nixos",
        "repo": "nixpkgs",
        "type": "github"
      }
    },
    "nixpkgs_11": {
      "locked": {
        "lastModified": 1730731281,
        "narHash": "sha256-jLS+nEac6dsUR3zqw8fgfgGLbxicNEIFwRYRStte6jw=",
        "owner": "NixOS",
        "repo": "nixpkgs",
        "rev": "a86d06940e17a4c236d9ea3cefdd323cad362679",
        "type": "github"
      },
      "original": {
        "owner": "NixOS",
        "repo": "nixpkgs",
        "type": "github"
      }
    },
    "nixpkgs_12": {
      "locked": {
        "lastModified": 1759632233,
        "narHash": "sha256-krgZxGAIIIKFJS+UB0l8do3sYUDWJc75M72tepmVMzE=",
        "owner": "NixOS",
        "repo": "nixpkgs",
        "rev": "d7f52a7a640bc54c7bb414cca603835bf8dd4b10",
        "type": "github"
      },
      "original": {
        "owner": "NixOS",
        "ref": "nixpkgs-unstable",
        "repo": "nixpkgs",
        "type": "github"
      }
    },
    "nixpkgs_2": {
      "locked": {
        "lastModified": 1758494346,
        "narHash": "sha256-5fhnxoIaXlfIg/q9rC/UD2Lk+/peDh5aDsA1qYRCCAc=",
        "owner": "NixOS",
        "repo": "nixpkgs",
        "rev": "a79205061ea62ed3ba3286227c420bc0fd23fbe0",
        "type": "github"
      },
      "original": {
        "owner": "NixOS",
        "repo": "nixpkgs",
        "type": "github"
      }
    },
    "nixpkgs_3": {
      "locked": {
        "lastModified": 1758494346,
        "narHash": "sha256-5fhnxoIaXlfIg/q9rC/UD2Lk+/peDh5aDsA1qYRCCAc=",
        "owner": "NixOS",
        "repo": "nixpkgs",
        "rev": "a79205061ea62ed3ba3286227c420bc0fd23fbe0",
        "type": "github"
      },
      "original": {
        "owner": "NixOS",
        "repo": "nixpkgs",
        "type": "github"
      }
    },
    "nixpkgs_4": {
      "locked": {
        "lastModified": 1758494346,
        "narHash": "sha256-5fhnxoIaXlfIg/q9rC/UD2Lk+/peDh5aDsA1qYRCCAc=",
        "owner": "NixOS",
        "repo": "nixpkgs",
        "rev": "a79205061ea62ed3ba3286227c420bc0fd23fbe0",
        "type": "github"
      },
      "original": {
        "owner": "NixOS",
        "repo": "nixpkgs",
        "type": "github"
      }
    },
    "nixpkgs_5": {
      "locked": {
        "lastModified": 1758294315,
        "narHash": "sha256-H+C4c+jKCZpSJHODHFaY6b2ciB3Hv00V5QKA7yUVtis=",
        "owner": "NixOS",
        "repo": "nixpkgs",
        "rev": "90ade7da38aa49c2e2693a04a44662a0e61530e9",
        "type": "github"
      },
      "original": {
        "owner": "NixOS",
        "ref": "nixpkgs-unstable",
        "repo": "nixpkgs",
        "type": "github"
      }
    },
    "nixpkgs_6": {
      "locked": {
        "lastModified": 1758494346,
        "narHash": "sha256-5fhnxoIaXlfIg/q9rC/UD2Lk+/peDh5aDsA1qYRCCAc=",
        "owner": "NixOS",
        "repo": "nixpkgs",
        "rev": "a79205061ea62ed3ba3286227c420bc0fd23fbe0",
        "type": "github"
      },
      "original": {
        "owner": "NixOS",
        "repo": "nixpkgs",
        "type": "github"
      }
    },
    "nixpkgs_7": {
      "locked": {
        "lastModified": 1730988789,
        "narHash": "sha256-Yx1f4uPcvel/iv9sbx60lVS8oihlgN+qeUuMZ3T4Vvc=",
        "owner": "NixOS",
        "repo": "nixpkgs",
        "rev": "c1612975107c932f1e903d8fab1636334402c6d2",
        "type": "github"
      },
      "original": {
        "owner": "NixOS",
        "repo": "nixpkgs",
        "type": "github"
      }
    },
    "nixpkgs_8": {
      "locked": {
        "lastModified": 1738060267,
        "narHash": "sha256-G1/V/sHbx5F9Vyu4soB6+wXdK64+HQG4qVl97ASdFR8=",
        "owner": "NixOS",
        "repo": "nixpkgs",
        "rev": "347934f4c466af8249ad5b28c0b81a41c2e1eb8e",
        "type": "github"
      },
      "original": {
        "owner": "NixOS",
        "repo": "nixpkgs",
        "type": "github"
      }
    },
    "nixpkgs_9": {
      "locked": {
        "lastModified": 1730988789,
        "narHash": "sha256-Yx1f4uPcvel/iv9sbx60lVS8oihlgN+qeUuMZ3T4Vvc=",
        "owner": "NixOS",
        "repo": "nixpkgs",
        "rev": "c1612975107c932f1e903d8fab1636334402c6d2",
        "type": "github"
      },
      "original": {
        "owner": "NixOS",
        "repo": "nixpkgs",
        "type": "github"
      }
    },
    "nixvim": {
      "inputs": {
        "flake-parts": "flake-parts",
        "nixpkgs": "nixpkgs_5",
        "nuschtosSearch": "nuschtosSearch",
        "systems": "systems_3"
      },
      "locked": {
        "lastModified": 1758459270,
        "narHash": "sha256-r2VA33WYfxDJyWmJeo0TmPPrk9yGS9WWb/kld0e7X+I=",
        "owner": "nix-community",
        "repo": "nixvim",
        "rev": "92ba37a3e8c25d470f9affe8d5f36f2cfb21e5dd",
        "type": "github"
      },
      "original": {
        "owner": "nix-community",
        "repo": "nixvim",
        "type": "github"
      }
    },
    "nuschtosSearch": {
      "inputs": {
        "flake-utils": "flake-utils_2",
        "ixx": "ixx",
        "nixpkgs": [
          "home",
          "nvim4lean",
          "nixvim",
          "nixpkgs"
        ]
      },
      "locked": {
        "lastModified": 1758272005,
        "narHash": "sha256-1u3xTH+3kaHhztPmWtLAD8LF5pTYLR2CpsPFWTFnVtQ=",
        "owner": "NuschtOS",
        "repo": "search",
        "rev": "aa975a3757f28ce862812466c5848787b868e116",
        "type": "github"
      },
      "original": {
        "owner": "NuschtOS",
        "repo": "search",
        "type": "github"
      }
    },
    "nvim4lean": {
      "inputs": {
        "nixvim": "nixvim"
      },
      "locked": {
        "dir": "nvim4lean",
        "lastModified": 1758141385,
        "narHash": "sha256-E9EezEHiX7jNXGrUmmovFkE9ng7ir96c84yUymhZHgM=",
        "owner": "shnarazk",
        "repo": "flakes",
        "rev": "edcdf422b6fe3b917b61d09515086b451bee0db7",
        "type": "github"
      },
      "original": {
        "dir": "nvim4lean",
        "owner": "shnarazk",
        "repo": "flakes",
        "type": "github"
      }
    },
    "root": {
      "inputs": {
        "flake-utils": "flake-utils",
        "home": "home",
        "nixpkgs": "nixpkgs_12"
      }
    },
    "rust-parallel": {
      "inputs": {
        "nixpkgs": "nixpkgs_6"
      },
      "locked": {
        "dir": "rust-parallel",
        "lastModified": 1758141385,
        "narHash": "sha256-E9EezEHiX7jNXGrUmmovFkE9ng7ir96c84yUymhZHgM=",
        "owner": "shnarazk",
        "repo": "flakes",
        "rev": "edcdf422b6fe3b917b61d09515086b451bee0db7",
        "type": "github"
      },
      "original": {
        "dir": "rust-parallel",
        "owner": "shnarazk",
        "repo": "flakes",
        "type": "github"
      }
    },
    "sat-bench": {
      "inputs": {
        "nixpkgs": "nixpkgs_7"
      },
      "locked": {
        "lastModified": 1757358760,
        "narHash": "sha256-qyIqFEcXso6v9GqVObjilEhDM5u3XJ6DytQiUgEzR74=",
        "owner": "shnarazk",
        "repo": "SAT-bench",
        "rev": "0ac724dcee28c376bd041d690a54d51f37953261",
        "type": "github"
      },
      "original": {
        "owner": "shnarazk",
        "repo": "SAT-bench",
        "type": "github"
      }
    },
    "sat-bench_2": {
      "inputs": {
        "nixpkgs": "nixpkgs_9"
      },
      "locked": {
        "lastModified": 1737501229,
        "narHash": "sha256-duysXOsivHd3Gp5eel+fCuamjCpfPec548bB+RRVzNE=",
        "owner": "shnarazk",
        "repo": "SAT-bench",
        "rev": "42cf084f0b3b6993d58bfd1997e870421e904d38",
        "type": "github"
      },
      "original": {
        "owner": "shnarazk",
        "repo": "SAT-bench",
        "type": "github"
      }
    },
    "splr": {
      "inputs": {
        "nixpkgs": "nixpkgs_8",
        "sat-bench": "sat-bench_2"
      },
      "locked": {
        "lastModified": 1738062172,
        "narHash": "sha256-gaaW1ARvKQUUUGaulCpB+U1NghwzDpcKIIfvnkHu6KM=",
        "owner": "shnarazk",
        "repo": "splr",
        "rev": "60fe46468f083695929922ee30274705ea75b297",
        "type": "github"
      },
      "original": {
        "owner": "shnarazk",
        "repo": "splr",
        "type": "github"
      }
    },
    "systems": {
      "locked": {
        "lastModified": 1681028828,
        "narHash": "sha256-Vy1rq5AaRuLzOxct8nz4T6wlgyUR7zLU309k9mBC768=",
        "owner": "nix-systems",
        "repo": "default",
        "rev": "da67096a3b9bf56a91d16901293e51ba5b49a27e",
        "type": "github"
      },
      "original": {
        "owner": "nix-systems",
        "repo": "default",
        "type": "github"
      }
    },
    "systems_2": {
      "locked": {
        "lastModified": 1681028828,
        "narHash": "sha256-Vy1rq5AaRuLzOxct8nz4T6wlgyUR7zLU309k9mBC768=",
        "owner": "nix-systems",
        "repo": "default",
        "rev": "da67096a3b9bf56a91d16901293e51ba5b49a27e",
        "type": "github"
      },
      "original": {
        "owner": "nix-systems",
        "repo": "default",
        "type": "github"
      }
    },
    "systems_3": {
      "locked": {
        "lastModified": 1681028828,
        "narHash": "sha256-Vy1rq5AaRuLzOxct8nz4T6wlgyUR7zLU309k9mBC768=",
        "owner": "nix-systems",
        "repo": "default",
        "rev": "da67096a3b9bf56a91d16901293e51ba5b49a27e",
        "type": "github"
      },
      "original": {
        "owner": "nix-systems",
        "repo": "default",
        "type": "github"
      }
    },
    "tree-sitter-cli": {
      "inputs": {
        "nixpkgs": "nixpkgs_10"
      },
      "locked": {
        "dir": "tree-sitter-cli",
        "lastModified": 1758141385,
        "narHash": "sha256-E9EezEHiX7jNXGrUmmovFkE9ng7ir96c84yUymhZHgM=",
        "owner": "shnarazk",
        "repo": "flakes",
        "rev": "edcdf422b6fe3b917b61d09515086b451bee0db7",
        "type": "github"
      },
      "original": {
        "dir": "tree-sitter-cli",
        "owner": "shnarazk",
        "repo": "flakes",
        "type": "github"
      }
    },
    "zellij-head": {
      "inputs": {
        "nixpkgs": "nixpkgs_11"
      },
      "locked": {
        "dir": "zellij-head",
        "lastModified": 1758141385,
        "narHash": "sha256-E9EezEHiX7jNXGrUmmovFkE9ng7ir96c84yUymhZHgM=",
        "owner": "shnarazk",
        "repo": "flakes",
        "rev": "edcdf422b6fe3b917b61d09515086b451bee0db7",
        "type": "github"
      },
      "original": {
        "dir": "zellij-head",
        "owner": "shnarazk",
        "repo": "flakes",
        "type": "github"
      }
    }
  },
  "root": "root",
  "version": 7
}
