{
  "nodes": {
    "flake-parts": {
      "inputs": {
        "nixpkgs-lib": [
          "home",
          "nvim4lean",
          "nixvim",
          "nixpkgs"
        ]
      },
      "locked": {
        "lastModified": 1753121425,
        "narHash": "sha256-TVcTNvOeWWk1DXljFxVRp+E0tzG1LhrVjOGGoMHuXio=",
        "owner": "hercules-ci",
        "repo": "flake-parts",
        "rev": "644e0fc48951a860279da645ba77fe4a6e814c5e",
        "type": "github"
      },
      "original": {
        "owner": "hercules-ci",
        "repo": "flake-parts",
        "type": "github"
      }
    },
    "flake-utils": {
      "inputs": {
        "systems": "systems"
      },
      "locked": {
        "lastModified": 1731533236,
        "narHash": "sha256-l0KFg5HjrsfsO/JpG+r7fRrqm12kzFHyUHqHCVpMMbI=",
        "owner": "numtide",
        "repo": "flake-utils",
        "rev": "11707dc2f618dd54ca8739b309ec4fc024de578b",
        "type": "github"
      },
      "original": {
        "owner": "numtide",
        "repo": "flake-utils",
        "type": "github"
      }
    },
    "flake-utils_2": {
      "inputs": {
        "systems": "systems_2"
      },
      "locked": {
        "lastModified": 1731533236,
        "narHash": "sha256-l0KFg5HjrsfsO/JpG+r7fRrqm12kzFHyUHqHCVpMMbI=",
        "owner": "numtide",
        "repo": "flake-utils",
        "rev": "11707dc2f618dd54ca8739b309ec4fc024de578b",
        "type": "github"
      },
      "original": {
        "owner": "numtide",
        "repo": "flake-utils",
        "type": "github"
      }
    },
    "gratchk": {
      "inputs": {
        "nixpkgs": "nixpkgs"
      },
      "locked": {
        "dir": "gratchk",
        "lastModified": 1754299364,
        "narHash": "sha256-rgh7fSV160BkAWU8FJoIDyNYAqlQnj0EN30xxVtqpfU=",
        "owner": "shnarazk",
        "repo": "flakes",
        "rev": "de70b259cd43abd5a8c5501eb2daadc2569f19d8",
        "type": "github"
      },
      "original": {
        "dir": "gratchk",
        "owner": "shnarazk",
        "repo": "flakes",
        "type": "github"
      }
    },
    "gratgen": {
      "inputs": {
        "nixpkgs": "nixpkgs_2"
      },
      "locked": {
        "dir": "gratgen",
        "lastModified": 1754299364,
        "narHash": "sha256-rgh7fSV160BkAWU8FJoIDyNYAqlQnj0EN30xxVtqpfU=",
        "owner": "shnarazk",
        "repo": "flakes",
        "rev": "de70b259cd43abd5a8c5501eb2daadc2569f19d8",
        "type": "github"
      },
      "original": {
        "dir": "gratgen",
        "owner": "shnarazk",
        "repo": "flakes",
        "type": "github"
      }
    },
    "home": {
      "inputs": {
        "gratchk": "gratchk",
        "gratgen": "gratgen",
        "nvim4lean": "nvim4lean",
        "rust-parallel": "rust-parallel",
        "sat-bench": "sat-bench",
        "splr": "splr",
        "tree-sitter-cli": "tree-sitter-cli",
        "zellij-head": "zellij-head"
      },
      "locked": {
        "lastModified": 1754299444,
        "narHash": "sha256-uk0SlQDsDqh9dcnLpJfrZQCX1ZM2Q1uoL/4PA7OiX4k=",
        "owner": "shnarazk",
        "repo": "flakes",
        "rev": "2e3e38e59341aeed6eddc4ff0fe373ea4995531f",
        "type": "github"
      },
      "original": {
        "owner": "shnarazk",
        "repo": "flakes",
        "type": "github"
      }
    },
    "ixx": {
      "inputs": {
        "flake-utils": [
          "home",
          "nvim4lean",
          "nixvim",
          "nuschtosSearch",
          "flake-utils"
        ],
        "nixpkgs": [
          "home",
          "nvim4lean",
          "nixvim",
          "nuschtosSearch",
          "nixpkgs"
        ]
      },
      "locked": {
        "lastModified": 1748294338,
        "narHash": "sha256-FVO01jdmUNArzBS7NmaktLdGA5qA3lUMJ4B7a05Iynw=",
        "owner": "NuschtOS",
        "repo": "ixx",
        "rev": "cc5f390f7caf265461d4aab37e98d2292ebbdb85",
        "type": "github"
      },
      "original": {
        "owner": "NuschtOS",
        "ref": "v0.0.8",
        "repo": "ixx",
        "type": "github"
      }
    },
    "nixpkgs": {
      "locked": {
        "lastModified": 1754299292,
        "narHash": "sha256-frja3o4iGPVPlefFeWtfSdjepUJ6PQXJL0v9bUXX6b4=",
        "owner": "NixOS",
        "repo": "nixpkgs",
        "rev": "4896f8ced04bfa1b7483a229e628c8462354684c",
        "type": "github"
      },
      "original": {
        "owner": "NixOS",
        "repo": "nixpkgs",
        "type": "github"
      }
    },
    "nixpkgs_10": {
      "locked": {
        "lastModified": 1755175540,
        "narHash": "sha256-V0j2S1r25QnbqBLzN2Rg/dKKil789bI3P3id7bDPVc4=",
        "owner": "NixOS",
        "repo": "nixpkgs",
        "rev": "a595dde4d0d31606e19dcec73db02279db59d201",
        "type": "github"
      },
      "original": {
        "owner": "NixOS",
        "ref": "nixpkgs-unstable",
        "repo": "nixpkgs",
        "type": "github"
      }
    },
    "nixpkgs_2": {
      "locked": {
        "lastModified": 1754299292,
        "narHash": "sha256-frja3o4iGPVPlefFeWtfSdjepUJ6PQXJL0v9bUXX6b4=",
        "owner": "NixOS",
        "repo": "nixpkgs",
        "rev": "4896f8ced04bfa1b7483a229e628c8462354684c",
        "type": "github"
      },
      "original": {
        "owner": "NixOS",
        "repo": "nixpkgs",
        "type": "github"
      }
    },
    "nixpkgs_3": {
      "locked": {
        "lastModified": 1753432016,
        "narHash": "sha256-cnL5WWn/xkZoyH/03NNUS7QgW5vI7D1i74g48qplCvg=",
        "owner": "NixOS",
        "repo": "nixpkgs",
        "rev": "6027c30c8e9810896b92429f0092f624f7b1aace",
        "type": "github"
      },
      "original": {
        "owner": "NixOS",
        "ref": "nixpkgs-unstable",
        "repo": "nixpkgs",
        "type": "github"
      }
    },
    "nixpkgs_4": {
      "locked": {
        "lastModified": 1754299292,
        "narHash": "sha256-frja3o4iGPVPlefFeWtfSdjepUJ6PQXJL0v9bUXX6b4=",
        "owner": "NixOS",
        "repo": "nixpkgs",
        "rev": "4896f8ced04bfa1b7483a229e628c8462354684c",
        "type": "github"
      },
      "original": {
        "owner": "NixOS",
        "repo": "nixpkgs",
        "type": "github"
      }
    },
    "nixpkgs_5": {
      "locked": {
        "lastModified": 1730988789,
        "narHash": "sha256-Yx1f4uPcvel/iv9sbx60lVS8oihlgN+qeUuMZ3T4Vvc=",
        "owner": "NixOS",
        "repo": "nixpkgs",
        "rev": "c1612975107c932f1e903d8fab1636334402c6d2",
        "type": "github"
      },
      "original": {
        "owner": "NixOS",
        "repo": "nixpkgs",
        "type": "github"
      }
    },
    "nixpkgs_6": {
      "locked": {
        "lastModified": 1738060267,
        "narHash": "sha256-G1/V/sHbx5F9Vyu4soB6+wXdK64+HQG4qVl97ASdFR8=",
        "owner": "NixOS",
        "repo": "nixpkgs",
        "rev": "347934f4c466af8249ad5b28c0b81a41c2e1eb8e",
        "type": "github"
      },
      "original": {
        "owner": "NixOS",
        "repo": "nixpkgs",
        "type": "github"
      }
    },
    "nixpkgs_7": {
      "locked": {
        "lastModified": 1730988789,
        "narHash": "sha256-Yx1f4uPcvel/iv9sbx60lVS8oihlgN+qeUuMZ3T4Vvc=",
        "owner": "NixOS",
        "repo": "nixpkgs",
        "rev": "c1612975107c932f1e903d8fab1636334402c6d2",
        "type": "github"
      },
      "original": {
        "owner": "NixOS",
        "repo": "nixpkgs",
        "type": "github"
      }
    },
    "nixpkgs_8": {
      "locked": {
        "lastModified": 1732423896,
        "narHash": "sha256-1Ht109Q/qQSM0FeucSgUSqRCMI1LQu55RNIvyuBYJkE=",
        "owner": "nixos",
        "repo": "nixpkgs",
        "rev": "7e497c2f68b1e571c6fa6d2bfbb17abf2354ee26",
        "type": "github"
      },
      "original": {
        "owner": "nixos",
        "repo": "nixpkgs",
        "type": "github"
      }
    },
    "nixpkgs_9": {
      "locked": {
        "lastModified": 1730731281,
        "narHash": "sha256-jLS+nEac6dsUR3zqw8fgfgGLbxicNEIFwRYRStte6jw=",
        "owner": "NixOS",
        "repo": "nixpkgs",
        "rev": "a86d06940e17a4c236d9ea3cefdd323cad362679",
        "type": "github"
      },
      "original": {
        "owner": "NixOS",
        "repo": "nixpkgs",
        "type": "github"
      }
    },
    "nixvim": {
      "inputs": {
        "flake-parts": "flake-parts",
        "nixpkgs": "nixpkgs_3",
        "nuschtosSearch": "nuschtosSearch",
        "systems": "systems_3"
      },
      "locked": {
        "lastModified": 1754264148,
        "narHash": "sha256-i73/RHYnrRj1AW7r42qzEX1CruxAdVLXcn2iuWBQy64=",
        "owner": "nix-community",
        "repo": "nixvim",
        "rev": "0b87d94432f3d2e2154a055f18dcb6531c6c90ab",
        "type": "github"
      },
      "original": {
        "owner": "nix-community",
        "repo": "nixvim",
        "type": "github"
      }
    },
    "nuschtosSearch": {
      "inputs": {
        "flake-utils": "flake-utils_2",
        "ixx": "ixx",
        "nixpkgs": [
          "home",
          "nvim4lean",
          "nixvim",
          "nixpkgs"
        ]
      },
      "locked": {
        "lastModified": 1753450833,
        "narHash": "sha256-Pmpke0JtLRzgdlwDC5a+aiLVZ11JPUO5Bcqkj0nHE/k=",
        "owner": "NuschtOS",
        "repo": "search",
        "rev": "40987cc1a24feba378438d691f87c52819f7bd75",
        "type": "github"
      },
      "original": {
        "owner": "NuschtOS",
        "repo": "search",
        "type": "github"
      }
    },
    "nvim4lean": {
      "inputs": {
        "nixvim": "nixvim"
      },
      "locked": {
        "dir": "nvim4lean",
        "lastModified": 1754299364,
        "narHash": "sha256-rgh7fSV160BkAWU8FJoIDyNYAqlQnj0EN30xxVtqpfU=",
        "owner": "shnarazk",
        "repo": "flakes",
        "rev": "de70b259cd43abd5a8c5501eb2daadc2569f19d8",
        "type": "github"
      },
      "original": {
        "dir": "nvim4lean",
        "owner": "shnarazk",
        "repo": "flakes",
        "type": "github"
      }
    },
    "root": {
      "inputs": {
        "flake-utils": "flake-utils",
        "home": "home",
        "nixpkgs": "nixpkgs_10"
      }
    },
    "rust-parallel": {
      "inputs": {
        "nixpkgs": "nixpkgs_4"
      },
      "locked": {
        "dir": "rust-parallel",
        "lastModified": 1754299364,
        "narHash": "sha256-rgh7fSV160BkAWU8FJoIDyNYAqlQnj0EN30xxVtqpfU=",
        "owner": "shnarazk",
        "repo": "flakes",
        "rev": "de70b259cd43abd5a8c5501eb2daadc2569f19d8",
        "type": "github"
      },
      "original": {
        "dir": "rust-parallel",
        "owner": "shnarazk",
        "repo": "flakes",
        "type": "github"
      }
    },
    "sat-bench": {
      "inputs": {
        "nixpkgs": "nixpkgs_5"
      },
      "locked": {
        "lastModified": 1754091112,
        "narHash": "sha256-MBWCc3pLpD+FN0/pviipyMrP/31EW3Lq+JMtLF+lUzY=",
        "owner": "shnarazk",
        "repo": "SAT-bench",
        "rev": "b485df3bd5474a4a31f1b5c383c574b1ae5709fb",
        "type": "github"
      },
      "original": {
        "owner": "shnarazk",
        "repo": "SAT-bench",
        "type": "github"
      }
    },
    "sat-bench_2": {
      "inputs": {
        "nixpkgs": "nixpkgs_7"
      },
      "locked": {
        "lastModified": 1737501229,
        "narHash": "sha256-duysXOsivHd3Gp5eel+fCuamjCpfPec548bB+RRVzNE=",
        "owner": "shnarazk",
        "repo": "SAT-bench",
        "rev": "42cf084f0b3b6993d58bfd1997e870421e904d38",
        "type": "github"
      },
      "original": {
        "owner": "shnarazk",
        "repo": "SAT-bench",
        "type": "github"
      }
    },
    "splr": {
      "inputs": {
        "nixpkgs": "nixpkgs_6",
        "sat-bench": "sat-bench_2"
      },
      "locked": {
        "lastModified": 1738062172,
        "narHash": "sha256-gaaW1ARvKQUUUGaulCpB+U1NghwzDpcKIIfvnkHu6KM=",
        "owner": "shnarazk",
        "repo": "splr",
        "rev": "60fe46468f083695929922ee30274705ea75b297",
        "type": "github"
      },
      "original": {
        "owner": "shnarazk",
        "repo": "splr",
        "type": "github"
      }
    },
    "systems": {
      "locked": {
        "lastModified": 1681028828,
        "narHash": "sha256-Vy1rq5AaRuLzOxct8nz4T6wlgyUR7zLU309k9mBC768=",
        "owner": "nix-systems",
        "repo": "default",
        "rev": "da67096a3b9bf56a91d16901293e51ba5b49a27e",
        "type": "github"
      },
      "original": {
        "owner": "nix-systems",
        "repo": "default",
        "type": "github"
      }
    },
    "systems_2": {
      "locked": {
        "lastModified": 1681028828,
        "narHash": "sha256-Vy1rq5AaRuLzOxct8nz4T6wlgyUR7zLU309k9mBC768=",
        "owner": "nix-systems",
        "repo": "default",
        "rev": "da67096a3b9bf56a91d16901293e51ba5b49a27e",
        "type": "github"
      },
      "original": {
        "owner": "nix-systems",
        "repo": "default",
        "type": "github"
      }
    },
    "systems_3": {
      "locked": {
        "lastModified": 1681028828,
        "narHash": "sha256-Vy1rq5AaRuLzOxct8nz4T6wlgyUR7zLU309k9mBC768=",
        "owner": "nix-systems",
        "repo": "default",
        "rev": "da67096a3b9bf56a91d16901293e51ba5b49a27e",
        "type": "github"
      },
      "original": {
        "owner": "nix-systems",
        "repo": "default",
        "type": "github"
      }
    },
    "tree-sitter-cli": {
      "inputs": {
        "nixpkgs": "nixpkgs_8"
      },
      "locked": {
        "dir": "tree-sitter-cli",
        "lastModified": 1754299364,
        "narHash": "sha256-rgh7fSV160BkAWU8FJoIDyNYAqlQnj0EN30xxVtqpfU=",
        "owner": "shnarazk",
        "repo": "flakes",
        "rev": "de70b259cd43abd5a8c5501eb2daadc2569f19d8",
        "type": "github"
      },
      "original": {
        "dir": "tree-sitter-cli",
        "owner": "shnarazk",
        "repo": "flakes",
        "type": "github"
      }
    },
    "zellij-head": {
      "inputs": {
        "nixpkgs": "nixpkgs_9"
      },
      "locked": {
        "dir": "zellij-head",
        "lastModified": 1754299364,
        "narHash": "sha256-rgh7fSV160BkAWU8FJoIDyNYAqlQnj0EN30xxVtqpfU=",
        "owner": "shnarazk",
        "repo": "flakes",
        "rev": "de70b259cd43abd5a8c5501eb2daadc2569f19d8",
        "type": "github"
      },
      "original": {
        "dir": "zellij-head",
        "owner": "shnarazk",
        "repo": "flakes",
        "type": "github"
      }
    }
  },
  "root": "root",
  "version": 7
}
